
Microsoft Visual Studio Solution File, Format Version 12.00
# Visual Studio Version 17
VisualStudioVersion = 17.0.31903.59
MinimumVisualStudioVersion = 10.0.40219.1
Project("{FAE04EC0-301F-11D3-BF4B-00C04F79EFBC}") = "chat-server", "chat-server\chat-server.csproj", "{3E9C5A61-1325-4044-99C5-418FF893CF6A}"
EndProject
Project("{FAE04EC0-301F-11D3-BF4B-00C04F79EFBC}") = "example-backend", "example-backend\example-backend.csproj", "{F8064DF4-A094-4852-8B7C-373DA138994B}"
EndProject
Project("{FAE04EC0-301F-11D3-BF4B-00C04F79EFBC}") = "identity-server", "identity-server\identity-server.csproj", "{5F184BD2-F0B3-4DE4-8F19-5E5666B84061}"
EndProject
Global
	GlobalSection(SolutionConfigurationPlatforms) = preSolution
		Debug|Any CPU = Debug|Any CPU
		Release|Any CPU = Release|Any CPU
	EndGlobalSection
	GlobalSection(SolutionProperties) = preSolution
		HideSolutionNode = FALSE
	EndGlobalSection
	GlobalSection(ProjectConfigurationPlatforms) = postSolution
		{3E9C5A61-1325-4044-99C5-418FF893CF6A}.Debug|Any CPU.ActiveCfg = Debug|Any CPU
		{3E9C5A61-1325-4044-99C5-418FF893CF6A}.Debug|Any CPU.Build.0 = Debug|Any CPU
		{3E9C5A61-1325-4044-99C5-418FF893CF6A}.Release|Any CPU.ActiveCfg = Release|Any CPU
		{3E9C5A61-1325-4044-99C5-418FF893CF6A}.Release|Any CPU.Build.0 = Release|Any CPU
		{F8064DF4-A094-4852-8B7C-373DA138994B}.Debug|Any CPU.ActiveCfg = Debug|Any CPU
		{F8064DF4-A094-4852-8B7C-373DA138994B}.Debug|Any CPU.Build.0 = Debug|Any CPU
		{F8064DF4-A094-4852-8B7C-373DA138994B}.Release|Any CPU.ActiveCfg = Release|Any CPU
		{F8064DF4-A094-4852-8B7C-373DA138994B}.Release|Any CPU.Build.0 = Release|Any CPU
		{5F184BD2-F0B3-4DE4-8F19-5E5666B84061}.Debug|Any CPU.ActiveCfg = Debug|Any CPU
		{5F184BD2-F0B3-4DE4-8F19-5E5666B84061}.Debug|Any CPU.Build.0 = Debug|Any CPU
		{5F184BD2-F0B3-4DE4-8F19-5E5666B84061}.Release|Any CPU.ActiveCfg = Release|Any CPU
		{5F184BD2-F0B3-4DE4-8F19-5E5666B84061}.Release|Any CPU.Build.0 = Release|Any CPU
	EndGlobalSection
EndGlobal
